// !$*UTF8*$!
{
	archiveVersion = 1;
	classes = {
	};
	objectVersion = 54;
	objects = {

/* Begin PBXBuildFile section */
		5331B49F277E296D002C31F4 /* GroupListCell.swift in Sources */ = {isa = PBXBuildFile; fileRef = 5331B49E277E296D002C31F4 /* GroupListCell.swift */; };
		53C36335277E677F004738BF /* HttpObject.swift in Sources */ = {isa = PBXBuildFile; fileRef = 53C36328277E677E004738BF /* HttpObject.swift */; };
		53C36336277E677F004738BF /* UrlPetition.swift in Sources */ = {isa = PBXBuildFile; fileRef = 53C3632A277E677F004738BF /* UrlPetition.swift */; };
		53C36337277E677F004738BF /* HttpCheckConnection.swift in Sources */ = {isa = PBXBuildFile; fileRef = 53C3632B277E677F004738BF /* HttpCheckConnection.swift */; };
		53C36338277E677F004738BF /* GlobalVariables.swift in Sources */ = {isa = PBXBuildFile; fileRef = 53C3632D277E677F004738BF /* GlobalVariables.swift */; };
		53C36339277E677F004738BF /* HttpInterface.swift in Sources */ = {isa = PBXBuildFile; fileRef = 53C3632F277E677F004738BF /* HttpInterface.swift */; };
		53C3633A277E677F004738BF /* HttpService.swift in Sources */ = {isa = PBXBuildFile; fileRef = 53C36331277E677F004738BF /* HttpService.swift */; };
		53C3633B277E677F004738BF /* GeneralHelper.swift in Sources */ = {isa = PBXBuildFile; fileRef = 53C36333277E677F004738BF /* GeneralHelper.swift */; };
		53C3633C277E677F004738BF /* HttpHelper.swift in Sources */ = {isa = PBXBuildFile; fileRef = 53C36334277E677F004738BF /* HttpHelper.swift */; };
		53EC15932781BF2B0087FC0F /* ParentViewController.swift in Sources */ = {isa = PBXBuildFile; fileRef = 53EC15922781BF2B0087FC0F /* ParentViewController.swift */; };
		53EC15962781BF990087FC0F /* Literals.swift in Sources */ = {isa = PBXBuildFile; fileRef = 53EC15952781BF990087FC0F /* Literals.swift */; };
		53EC15982781BFCC0087FC0F /* String.swift in Sources */ = {isa = PBXBuildFile; fileRef = 53EC15972781BFCC0087FC0F /* String.swift */; };
		53EC159D2781C1300087FC0F /* Localizable.strings in Resources */ = {isa = PBXBuildFile; fileRef = 53EC159F2781C1300087FC0F /* Localizable.strings */; };
		53F68278277E20C600C68DBA /* AppDelegate.swift in Sources */ = {isa = PBXBuildFile; fileRef = 53F68277277E20C600C68DBA /* AppDelegate.swift */; };
		53F6827A277E20C600C68DBA /* SceneDelegate.swift in Sources */ = {isa = PBXBuildFile; fileRef = 53F68279277E20C600C68DBA /* SceneDelegate.swift */; };
		53F6827F277E20C600C68DBA /* Main.storyboard in Resources */ = {isa = PBXBuildFile; fileRef = 53F6827D277E20C600C68DBA /* Main.storyboard */; };
		53F68281277E20C800C68DBA /* Assets.xcassets in Resources */ = {isa = PBXBuildFile; fileRef = 53F68280277E20C800C68DBA /* Assets.xcassets */; };
		53F68284277E20C800C68DBA /* LaunchScreen.storyboard in Resources */ = {isa = PBXBuildFile; fileRef = 53F68282277E20C800C68DBA /* LaunchScreen.storyboard */; };
		53F68290277E221000C68DBA /* GroupListViewController.swift in Sources */ = {isa = PBXBuildFile; fileRef = 53F6828F277E221000C68DBA /* GroupListViewController.swift */; };
		53F68292277E223300C68DBA /* GroupDetailViewController.swift in Sources */ = {isa = PBXBuildFile; fileRef = 53F68291277E223300C68DBA /* GroupDetailViewController.swift */; };
		53F68294277E224F00C68DBA /* GroupFavouriteListViewController.swift in Sources */ = {isa = PBXBuildFile; fileRef = 53F68293277E224F00C68DBA /* GroupFavouriteListViewController.swift */; };
		8451D0A9ED7795BD6A42D2F8 /* Pods_SlashTechnicalTest.framework in Frameworks */ = {isa = PBXBuildFile; fileRef = 35530E789E03CEA34B2D2B0D /* Pods_SlashTechnicalTest.framework */; };
/* End PBXBuildFile section */

/* Begin PBXFileReference section */
		35530E789E03CEA34B2D2B0D /* Pods_SlashTechnicalTest.framework */ = {isa = PBXFileReference; explicitFileType = wrapper.framework; includeInIndex = 0; path = Pods_SlashTechnicalTest.framework; sourceTree = BUILT_PRODUCTS_DIR; };
		5331B49E277E296D002C31F4 /* GroupListCell.swift */ = {isa = PBXFileReference; lastKnownFileType = sourcecode.swift; path = GroupListCell.swift; sourceTree = "<group>"; };
		53C36328277E677E004738BF /* HttpObject.swift */ = {isa = PBXFileReference; fileEncoding = 4; lastKnownFileType = sourcecode.swift; path = HttpObject.swift; sourceTree = "<group>"; };
		53C3632A277E677F004738BF /* UrlPetition.swift */ = {isa = PBXFileReference; fileEncoding = 4; lastKnownFileType = sourcecode.swift; path = UrlPetition.swift; sourceTree = "<group>"; };
		53C3632B277E677F004738BF /* HttpCheckConnection.swift */ = {isa = PBXFileReference; fileEncoding = 4; lastKnownFileType = sourcecode.swift; path = HttpCheckConnection.swift; sourceTree = "<group>"; };
		53C3632D277E677F004738BF /* GlobalVariables.swift */ = {isa = PBXFileReference; fileEncoding = 4; lastKnownFileType = sourcecode.swift; path = GlobalVariables.swift; sourceTree = "<group>"; };
		53C3632F277E677F004738BF /* HttpInterface.swift */ = {isa = PBXFileReference; fileEncoding = 4; lastKnownFileType = sourcecode.swift; path = HttpInterface.swift; sourceTree = "<group>"; };
		53C36331277E677F004738BF /* HttpService.swift */ = {isa = PBXFileReference; fileEncoding = 4; lastKnownFileType = sourcecode.swift; path = HttpService.swift; sourceTree = "<group>"; };
		53C36333277E677F004738BF /* GeneralHelper.swift */ = {isa = PBXFileReference; fileEncoding = 4; lastKnownFileType = sourcecode.swift; path = GeneralHelper.swift; sourceTree = "<group>"; };
		53C36334277E677F004738BF /* HttpHelper.swift */ = {isa = PBXFileReference; fileEncoding = 4; lastKnownFileType = sourcecode.swift; path = HttpHelper.swift; sourceTree = "<group>"; };
		53EC15922781BF2B0087FC0F /* ParentViewController.swift */ = {isa = PBXFileReference; lastKnownFileType = sourcecode.swift; path = ParentViewController.swift; sourceTree = "<group>"; };
		53EC15952781BF990087FC0F /* Literals.swift */ = {isa = PBXFileReference; lastKnownFileType = sourcecode.swift; path = Literals.swift; sourceTree = "<group>"; };
		53EC15972781BFCC0087FC0F /* String.swift */ = {isa = PBXFileReference; lastKnownFileType = sourcecode.swift; path = String.swift; sourceTree = "<group>"; };
		53EC159E2781C1300087FC0F /* en */ = {isa = PBXFileReference; lastKnownFileType = text.plist.strings; name = en; path = en.lproj/Localizable.strings; sourceTree = "<group>"; };
		53EC15A02781C1340087FC0F /* es */ = {isa = PBXFileReference; lastKnownFileType = text.plist.strings; name = es; path = es.lproj/Localizable.strings; sourceTree = "<group>"; };
		53F68274277E20C600C68DBA /* SlashTechnicalTest.app */ = {isa = PBXFileReference; explicitFileType = wrapper.application; includeInIndex = 0; path = SlashTechnicalTest.app; sourceTree = BUILT_PRODUCTS_DIR; };
		53F68277277E20C600C68DBA /* AppDelegate.swift */ = {isa = PBXFileReference; lastKnownFileType = sourcecode.swift; path = AppDelegate.swift; sourceTree = "<group>"; };
		53F68279277E20C600C68DBA /* SceneDelegate.swift */ = {isa = PBXFileReference; lastKnownFileType = sourcecode.swift; path = SceneDelegate.swift; sourceTree = "<group>"; };
		53F6827E277E20C600C68DBA /* Base */ = {isa = PBXFileReference; lastKnownFileType = file.storyboard; name = Base; path = Base.lproj/Main.storyboard; sourceTree = "<group>"; };
		53F68280277E20C800C68DBA /* Assets.xcassets */ = {isa = PBXFileReference; lastKnownFileType = folder.assetcatalog; path = Assets.xcassets; sourceTree = "<group>"; };
		53F68283277E20C800C68DBA /* Base */ = {isa = PBXFileReference; lastKnownFileType = file.storyboard; name = Base; path = Base.lproj/LaunchScreen.storyboard; sourceTree = "<group>"; };
		53F68285277E20C800C68DBA /* Info.plist */ = {isa = PBXFileReference; lastKnownFileType = text.plist.xml; path = Info.plist; sourceTree = "<group>"; };
		53F6828F277E221000C68DBA /* GroupListViewController.swift */ = {isa = PBXFileReference; lastKnownFileType = sourcecode.swift; path = GroupListViewController.swift; sourceTree = "<group>"; };
		53F68291277E223300C68DBA /* GroupDetailViewController.swift */ = {isa = PBXFileReference; lastKnownFileType = sourcecode.swift; path = GroupDetailViewController.swift; sourceTree = "<group>"; };
		53F68293277E224F00C68DBA /* GroupFavouriteListViewController.swift */ = {isa = PBXFileReference; lastKnownFileType = sourcecode.swift; path = GroupFavouriteListViewController.swift; sourceTree = "<group>"; };
		ABDEF4B01EF64AEA50A4CAE0 /* Pods-SlashTechnicalTest.release.xcconfig */ = {isa = PBXFileReference; includeInIndex = 1; lastKnownFileType = text.xcconfig; name = "Pods-SlashTechnicalTest.release.xcconfig"; path = "Target Support Files/Pods-SlashTechnicalTest/Pods-SlashTechnicalTest.release.xcconfig"; sourceTree = "<group>"; };
		C1EB20C3142D0237C0436CCB /* Pods-SlashTechnicalTest.debug.xcconfig */ = {isa = PBXFileReference; includeInIndex = 1; lastKnownFileType = text.xcconfig; name = "Pods-SlashTechnicalTest.debug.xcconfig"; path = "Target Support Files/Pods-SlashTechnicalTest/Pods-SlashTechnicalTest.debug.xcconfig"; sourceTree = "<group>"; };
/* End PBXFileReference section */

/* Begin PBXFrameworksBuildPhase section */
		53F68271277E20C600C68DBA /* Frameworks */ = {
			isa = PBXFrameworksBuildPhase;
			buildActionMask = 2147483647;
			files = (
				8451D0A9ED7795BD6A42D2F8 /* Pods_SlashTechnicalTest.framework in Frameworks */,
			);
			runOnlyForDeploymentPostprocessing = 0;
		};
/* End PBXFrameworksBuildPhase section */

/* Begin PBXGroup section */
		5331B49D277E2956002C31F4 /* cell */ = {
			isa = PBXGroup;
			children = (
				5331B49E277E296D002C31F4 /* GroupListCell.swift */,
			);
			path = cell;
			sourceTree = "<group>";
		};
		53C36327277E677E004738BF /* object */ = {
			isa = PBXGroup;
			children = (
				53C36328277E677E004738BF /* HttpObject.swift */,
			);
			path = object;
			sourceTree = "<group>";
		};
		53C36329277E677F004738BF /* resource */ = {
			isa = PBXGroup;
			children = (
				53EC15A12781C2C80087FC0F /* http */,
				53EC15942781BF8E0087FC0F /* values */,
			);
			path = resource;
			sourceTree = "<group>";
		};
		53C3632E277E677F004738BF /* protocol */ = {
			isa = PBXGroup;
			children = (
				53C3632F277E677F004738BF /* HttpInterface.swift */,
			);
			path = protocol;
			sourceTree = "<group>";
		};
		53C36330277E677F004738BF /* service */ = {
			isa = PBXGroup;
			children = (
				53C36331277E677F004738BF /* HttpService.swift */,
			);
			path = service;
			sourceTree = "<group>";
		};
		53C36332277E677F004738BF /* helper */ = {
			isa = PBXGroup;
			children = (
				53C36333277E677F004738BF /* GeneralHelper.swift */,
				53C36334277E677F004738BF /* HttpHelper.swift */,
			);
			path = helper;
			sourceTree = "<group>";
		};
		53EC15942781BF8E0087FC0F /* values */ = {
			isa = PBXGroup;
			children = (
				53EC15952781BF990087FC0F /* Literals.swift */,
				53EC15972781BFCC0087FC0F /* String.swift */,
			);
			path = values;
			sourceTree = "<group>";
		};
		53EC15A12781C2C80087FC0F /* http */ = {
			isa = PBXGroup;
			children = (
				53C3632A277E677F004738BF /* UrlPetition.swift */,
				53C3632B277E677F004738BF /* HttpCheckConnection.swift */,
			);
			path = http;
			sourceTree = "<group>";
		};
		53F6826B277E20C600C68DBA = {
			isa = PBXGroup;
			children = (
				53F68276277E20C600C68DBA /* SlashTechnicalTest */,
				53F68275277E20C600C68DBA /* Products */,
				FA2739847B7588E87ACCAFE3 /* Pods */,
				CBC7548E4D09287247C75FAB /* Frameworks */,
			);
			sourceTree = "<group>";
		};
		53F68275277E20C600C68DBA /* Products */ = {
			isa = PBXGroup;
			children = (
				53F68274277E20C600C68DBA /* SlashTechnicalTest.app */,
			);
			name = Products;
			sourceTree = "<group>";
		};
		53F68276277E20C600C68DBA /* SlashTechnicalTest */ = {
			isa = PBXGroup;
			children = (
				53F68285277E20C800C68DBA /* Info.plist */,
				53F68280277E20C800C68DBA /* Assets.xcassets */,
				53F6828D277E215100C68DBA /* general */,
				53C36332277E677F004738BF /* helper */,
				53C36327277E677E004738BF /* object */,
				53C3632E277E677F004738BF /* protocol */,
				53C36329277E677F004738BF /* resource */,
				53C36330277E677F004738BF /* service */,
				53F6828B277E213100C68DBA /* ui */,
			);
			path = SlashTechnicalTest;
			sourceTree = "<group>";
		};
		53F6828B277E213100C68DBA /* ui */ = {
			isa = PBXGroup;
			children = (
				5331B49D277E2956002C31F4 /* cell */,
				53F6828E277E216B00C68DBA /* controller */,
				53F6828C277E213800C68DBA /* storyboard */,
			);
			path = ui;
			sourceTree = "<group>";
		};
		53F6828C277E213800C68DBA /* storyboard */ = {
			isa = PBXGroup;
			children = (
				53F68282277E20C800C68DBA /* LaunchScreen.storyboard */,
				53F6827D277E20C600C68DBA /* Main.storyboard */,
			);
			path = storyboard;
			sourceTree = "<group>";
		};
		53F6828D277E215100C68DBA /* general */ = {
			isa = PBXGroup;
			children = (
				53F68277277E20C600C68DBA /* AppDelegate.swift */,
				53C3632D277E677F004738BF /* GlobalVariables.swift */,
				53F68279277E20C600C68DBA /* SceneDelegate.swift */,
				53EC159F2781C1300087FC0F /* Localizable.strings */,
			);
			path = general;
			sourceTree = "<group>";
		};
		53F6828E277E216B00C68DBA /* controller */ = {
			isa = PBXGroup;
			children = (
				53F6828F277E221000C68DBA /* GroupListViewController.swift */,
				53F68291277E223300C68DBA /* GroupDetailViewController.swift */,
				53F68293277E224F00C68DBA /* GroupFavouriteListViewController.swift */,
				53EC15922781BF2B0087FC0F /* ParentViewController.swift */,
			);
			path = controller;
			sourceTree = "<group>";
		};
		CBC7548E4D09287247C75FAB /* Frameworks */ = {
			isa = PBXGroup;
			children = (
				35530E789E03CEA34B2D2B0D /* Pods_SlashTechnicalTest.framework */,
			);
			name = Frameworks;
			sourceTree = "<group>";
		};
		FA2739847B7588E87ACCAFE3 /* Pods */ = {
			isa = PBXGroup;
			children = (
				C1EB20C3142D0237C0436CCB /* Pods-SlashTechnicalTest.debug.xcconfig */,
				ABDEF4B01EF64AEA50A4CAE0 /* Pods-SlashTechnicalTest.release.xcconfig */,
			);
			path = Pods;
			sourceTree = "<group>";
		};
/* End PBXGroup section */

/* Begin PBXNativeTarget section */
		53F68273277E20C600C68DBA /* SlashTechnicalTest */ = {
			isa = PBXNativeTarget;
			buildConfigurationList = 53F68288277E20C800C68DBA /* Build configuration list for PBXNativeTarget "SlashTechnicalTest" */;
			buildPhases = (
				892D8813C1C8C7A0DFB6C010 /* [CP] Check Pods Manifest.lock */,
				53F68270277E20C600C68DBA /* Sources */,
				53F68271277E20C600C68DBA /* Frameworks */,
				53F68272277E20C600C68DBA /* Resources */,
				C243D3294E4F6F736DF72EEF /* [CP] Embed Pods Frameworks */,
			);
			buildRules = (
			);
			dependencies = (
			);
			name = SlashTechnicalTest;
			productName = SlashTechnicalTest;
			productReference = 53F68274277E20C600C68DBA /* SlashTechnicalTest.app */;
			productType = "com.apple.product-type.application";
		};
/* End PBXNativeTarget section */

/* Begin PBXProject section */
		53F6826C277E20C600C68DBA /* Project object */ = {
			isa = PBXProject;
			attributes = {
				BuildIndependentTargetsInParallel = 1;
				LastSwiftUpdateCheck = 1310;
				LastUpgradeCheck = 1310;
				TargetAttributes = {
					53F68273277E20C600C68DBA = {
						CreatedOnToolsVersion = 13.1;
					};
				};
			};
			buildConfigurationList = 53F6826F277E20C600C68DBA /* Build configuration list for PBXProject "SlashTechnicalTest" */;
			compatibilityVersion = "Xcode 12.0";
			developmentRegion = en;
			hasScannedForEncodings = 0;
			knownRegions = (
				en,
				Base,
				es,
			);
			mainGroup = 53F6826B277E20C600C68DBA;
			productRefGroup = 53F68275277E20C600C68DBA /* Products */;
			projectDirPath = "";
			projectRoot = "";
			targets = (
				53F68273277E20C600C68DBA /* SlashTechnicalTest */,
			);
		};
/* End PBXProject section */

/* Begin PBXResourcesBuildPhase section */
		53F68272277E20C600C68DBA /* Resources */ = {
			isa = PBXResourcesBuildPhase;
			buildActionMask = 2147483647;
			files = (
				53F68284277E20C800C68DBA /* LaunchScreen.storyboard in Resources */,
				53EC159D2781C1300087FC0F /* Localizable.strings in Resources */,
				53F68281277E20C800C68DBA /* Assets.xcassets in Resources */,
				53F6827F277E20C600C68DBA /* Main.storyboard in Resources */,
			);
			runOnlyForDeploymentPostprocessing = 0;
		};
/* End PBXResourcesBuildPhase section */

/* Begin PBXShellScriptBuildPhase section */
		892D8813C1C8C7A0DFB6C010 /* [CP] Check Pods Manifest.lock */ = {
			isa = PBXShellScriptBuildPhase;
			buildActionMask = 2147483647;
			files = (
			);
			inputFileListPaths = (
			);
			inputPaths = (
				"${PODS_PODFILE_DIR_PATH}/Podfile.lock",
				"${PODS_ROOT}/Manifest.lock",
			);
			name = "[CP] Check Pods Manifest.lock";
			outputFileListPaths = (
			);
			outputPaths = (
				"$(DERIVED_FILE_DIR)/Pods-SlashTechnicalTest-checkManifestLockResult.txt",
			);
			runOnlyForDeploymentPostprocessing = 0;
			shellPath = /bin/sh;
			shellScript = "diff \"${PODS_PODFILE_DIR_PATH}/Podfile.lock\" \"${PODS_ROOT}/Manifest.lock\" > /dev/null\nif [ $? != 0 ] ; then\n    # print error to STDERR\n    echo \"error: The sandbox is not in sync with the Podfile.lock. Run 'pod install' or update your CocoaPods installation.\" >&2\n    exit 1\nfi\n# This output is used by Xcode 'outputs' to avoid re-running this script phase.\necho \"SUCCESS\" > \"${SCRIPT_OUTPUT_FILE_0}\"\n";
			showEnvVarsInLog = 0;
		};
		C243D3294E4F6F736DF72EEF /* [CP] Embed Pods Frameworks */ = {
			isa = PBXShellScriptBuildPhase;
			buildActionMask = 2147483647;
			files = (
			);
			inputFileListPaths = (
				"${PODS_ROOT}/Target Support Files/Pods-SlashTechnicalTest/Pods-SlashTechnicalTest-frameworks-${CONFIGURATION}-input-files.xcfilelist",
			);
			name = "[CP] Embed Pods Frameworks";
			outputFileListPaths = (
				"${PODS_ROOT}/Target Support Files/Pods-SlashTechnicalTest/Pods-SlashTechnicalTest-frameworks-${CONFIGURATION}-output-files.xcfilelist",
			);
			runOnlyForDeploymentPostprocessing = 0;
			shellPath = /bin/sh;
			shellScript = "\"${PODS_ROOT}/Target Support Files/Pods-SlashTechnicalTest/Pods-SlashTechnicalTest-frameworks.sh\"\n";
			showEnvVarsInLog = 0;
		};
/* End PBXShellScriptBuildPhase section */

/* Begin PBXSourcesBuildPhase section */
		53F68270277E20C600C68DBA /* Sources */ = {
			isa = PBXSourcesBuildPhase;
			buildActionMask = 2147483647;
			files = (
				53F68290277E221000C68DBA /* GroupListViewController.swift in Sources */,
				53C36335277E677F004738BF /* HttpObject.swift in Sources */,
				5331B49F277E296D002C31F4 /* GroupListCell.swift in Sources */,
				53C36339277E677F004738BF /* HttpInterface.swift in Sources */,
				53C36336277E677F004738BF /* UrlPetition.swift in Sources */,
				53C3633A277E677F004738BF /* HttpService.swift in Sources */,
				53C36338277E677F004738BF /* GlobalVariables.swift in Sources */,
				53F68292277E223300C68DBA /* GroupDetailViewController.swift in Sources */,
				53C36337277E677F004738BF /* HttpCheckConnection.swift in Sources */,
				53EC15962781BF990087FC0F /* Literals.swift in Sources */,
				53C3633C277E677F004738BF /* HttpHelper.swift in Sources */,
				53C3633B277E677F004738BF /* GeneralHelper.swift in Sources */,
				53EC15932781BF2B0087FC0F /* ParentViewController.swift in Sources */,
				53F68278277E20C600C68DBA /* AppDelegate.swift in Sources */,
				53EC15982781BFCC0087FC0F /* String.swift in Sources */,
				53F6827A277E20C600C68DBA /* SceneDelegate.swift in Sources */,
				53F68294277E224F00C68DBA /* GroupFavouriteListViewController.swift in Sources */,
			);
			runOnlyForDeploymentPostprocessing = 0;
		};
/* End PBXSourcesBuildPhase section */

/* Begin PBXVariantGroup section */
		53EC159F2781C1300087FC0F /* Localizable.strings */ = {
			isa = PBXVariantGroup;
			children = (
				53EC159E2781C1300087FC0F /* en */,
				53EC15A02781C1340087FC0F /* es */,
			);
			name = Localizable.strings;
			sourceTree = "<group>";
		};
		53F6827D277E20C600C68DBA /* Main.storyboard */ = {
			isa = PBXVariantGroup;
			children = (
				53F6827E277E20C600C68DBA /* Base */,
			);
			name = Main.storyboard;
			sourceTree = "<group>";
		};
		53F68282277E20C800C68DBA /* LaunchScreen.storyboard */ = {
			isa = PBXVariantGroup;
			children = (
				53F68283277E20C800C68DBA /* Base */,
			);
			name = LaunchScreen.storyboard;
			sourceTree = "<group>";
		};
/* End PBXVariantGroup section */

/* Begin XCBuildConfiguration section */
		53F68286277E20C800C68DBA /* Debug */ = {
			isa = XCBuildConfiguration;
			buildSettings = {
				ALWAYS_SEARCH_USER_PATHS = NO;
				CLANG_ANALYZER_LOCALIZABILITY_NONLOCALIZED = YES;
				CLANG_ANALYZER_NONNULL = YES;
				CLANG_ANALYZER_NUMBER_OBJECT_CONVERSION = YES_AGGRESSIVE;
				CLANG_CXX_LANGUAGE_STANDARD = "gnu++17";
				CLANG_CXX_LIBRARY = "libc++";
				CLANG_ENABLE_MODULES = YES;
				CLANG_ENABLE_OBJC_ARC = YES;
				CLANG_ENABLE_OBJC_WEAK = YES;
				CLANG_WARN_BLOCK_CAPTURE_AUTORELEASING = YES;
				CLANG_WARN_BOOL_CONVERSION = YES;
				CLANG_WARN_COMMA = YES;
				CLANG_WARN_CONSTANT_CONVERSION = YES;
				CLANG_WARN_DEPRECATED_OBJC_IMPLEMENTATIONS = YES;
				CLANG_WARN_DIRECT_OBJC_ISA_USAGE = YES_ERROR;
				CLANG_WARN_DOCUMENTATION_COMMENTS = YES;
				CLANG_WARN_EMPTY_BODY = YES;
				CLANG_WARN_ENUM_CONVERSION = YES;
				CLANG_WARN_INFINITE_RECURSION = YES;
				CLANG_WARN_INT_CONVERSION = YES;
				CLANG_WARN_NON_LITERAL_NULL_CONVERSION = YES;
				CLANG_WARN_OBJC_IMPLICIT_RETAIN_SELF = YES;
				CLANG_WARN_OBJC_LITERAL_CONVERSION = YES;
				CLANG_WARN_OBJC_ROOT_CLASS = YES_ERROR;
				CLANG_WARN_QUOTED_INCLUDE_IN_FRAMEWORK_HEADER = YES;
				CLANG_WARN_RANGE_LOOP_ANALYSIS = YES;
				CLANG_WARN_STRICT_PROTOTYPES = YES;
				CLANG_WARN_SUSPICIOUS_MOVE = YES;
				CLANG_WARN_UNGUARDED_AVAILABILITY = YES_AGGRESSIVE;
				CLANG_WARN_UNREACHABLE_CODE = YES;
				CLANG_WARN__DUPLICATE_METHOD_MATCH = YES;
				COPY_PHASE_STRIP = NO;
				DEBUG_INFORMATION_FORMAT = dwarf;
				ENABLE_STRICT_OBJC_MSGSEND = YES;
				ENABLE_TESTABILITY = YES;
				GCC_C_LANGUAGE_STANDARD = gnu11;
				GCC_DYNAMIC_NO_PIC = NO;
				GCC_NO_COMMON_BLOCKS = YES;
				GCC_OPTIMIZATION_LEVEL = 0;
				GCC_PREPROCESSOR_DEFINITIONS = (
					"DEBUG=1",
					"$(inherited)",
				);
				GCC_WARN_64_TO_32_BIT_CONVERSION = YES;
				GCC_WARN_ABOUT_RETURN_TYPE = YES_ERROR;
				GCC_WARN_UNDECLARED_SELECTOR = YES;
				GCC_WARN_UNINITIALIZED_AUTOS = YES_AGGRESSIVE;
				GCC_WARN_UNUSED_FUNCTION = YES;
				GCC_WARN_UNUSED_VARIABLE = YES;
				IPHONEOS_DEPLOYMENT_TARGET = 15.0;
				MTL_ENABLE_DEBUG_INFO = INCLUDE_SOURCE;
				MTL_FAST_MATH = YES;
				ONLY_ACTIVE_ARCH = YES;
				SDKROOT = iphoneos;
				SWIFT_ACTIVE_COMPILATION_CONDITIONS = DEBUG;
				SWIFT_OPTIMIZATION_LEVEL = "-Onone";
			};
			name = Debug;
		};
		53F68287277E20C800C68DBA /* Release */ = {
			isa = XCBuildConfiguration;
			buildSettings = {
				ALWAYS_SEARCH_USER_PATHS = NO;
				CLANG_ANALYZER_LOCALIZABILITY_NONLOCALIZED = YES;
				CLANG_ANALYZER_NONNULL = YES;
				CLANG_ANALYZER_NUMBER_OBJECT_CONVERSION = YES_AGGRESSIVE;
				CLANG_CXX_LANGUAGE_STANDARD = "gnu++17";
				CLANG_CXX_LIBRARY = "libc++";
				CLANG_ENABLE_MODULES = YES;
				CLANG_ENABLE_OBJC_ARC = YES;
				CLANG_ENABLE_OBJC_WEAK = YES;
				CLANG_WARN_BLOCK_CAPTURE_AUTORELEASING = YES;
				CLANG_WARN_BOOL_CONVERSION = YES;
				CLANG_WARN_COMMA = YES;
				CLANG_WARN_CONSTANT_CONVERSION = YES;
				CLANG_WARN_DEPRECATED_OBJC_IMPLEMENTATIONS = YES;
				CLANG_WARN_DIRECT_OBJC_ISA_USAGE = YES_ERROR;
				CLANG_WARN_DOCUMENTATION_COMMENTS = YES;
				CLANG_WARN_EMPTY_BODY = YES;
				CLANG_WARN_ENUM_CONVERSION = YES;
				CLANG_WARN_INFINITE_RECURSION = YES;
				CLANG_WARN_INT_CONVERSION = YES;
				CLANG_WARN_NON_LITERAL_NULL_CONVERSION = YES;
				CLANG_WARN_OBJC_IMPLICIT_RETAIN_SELF = YES;
				CLANG_WARN_OBJC_LITERAL_CONVERSION = YES;
				CLANG_WARN_OBJC_ROOT_CLASS = YES_ERROR;
				CLANG_WARN_QUOTED_INCLUDE_IN_FRAMEWORK_HEADER = YES;
				CLANG_WARN_RANGE_LOOP_ANALYSIS = YES;
				CLANG_WARN_STRICT_PROTOTYPES = YES;
				CLANG_WARN_SUSPICIOUS_MOVE = YES;
				CLANG_WARN_UNGUARDED_AVAILABILITY = YES_AGGRESSIVE;
				CLANG_WARN_UNREACHABLE_CODE = YES;
				CLANG_WARN__DUPLICATE_METHOD_MATCH = YES;
				COPY_PHASE_STRIP = NO;
				DEBUG_INFORMATION_FORMAT = "dwarf-with-dsym";
				ENABLE_NS_ASSERTIONS = NO;
				ENABLE_STRICT_OBJC_MSGSEND = YES;
				GCC_C_LANGUAGE_STANDARD = gnu11;
				GCC_NO_COMMON_BLOCKS = YES;
				GCC_WARN_64_TO_32_BIT_CONVERSION = YES;
				GCC_WARN_ABOUT_RETURN_TYPE = YES_ERROR;
				GCC_WARN_UNDECLARED_SELECTOR = YES;
				GCC_WARN_UNINITIALIZED_AUTOS = YES_AGGRESSIVE;
				GCC_WARN_UNUSED_FUNCTION = YES;
				GCC_WARN_UNUSED_VARIABLE = YES;
				IPHONEOS_DEPLOYMENT_TARGET = 15.0;
				MTL_ENABLE_DEBUG_INFO = NO;
				MTL_FAST_MATH = YES;
				SDKROOT = iphoneos;
				SWIFT_COMPILATION_MODE = wholemodule;
				SWIFT_OPTIMIZATION_LEVEL = "-O";
				VALIDATE_PRODUCT = YES;
			};
			name = Release;
		};
		53F68289277E20C800C68DBA /* Debug */ = {
			isa = XCBuildConfiguration;
			baseConfigurationReference = C1EB20C3142D0237C0436CCB /* Pods-SlashTechnicalTest.debug.xcconfig */;
			buildSettings = {
				ASSETCATALOG_COMPILER_APPICON_NAME = AppIcon;
				ASSETCATALOG_COMPILER_GLOBAL_ACCENT_COLOR_NAME = AccentColor;
				CODE_SIGN_STYLE = Automatic;
				CURRENT_PROJECT_VERSION = 1;
				DEVELOPMENT_TEAM = SQ29548UTC;
				GENERATE_INFOPLIST_FILE = YES;
				INFOPLIST_FILE = SlashTechnicalTest/Info.plist;
				INFOPLIST_KEY_UIApplicationSupportsIndirectInputEvents = YES;
				INFOPLIST_KEY_UILaunchStoryboardName = LaunchScreen;
				INFOPLIST_KEY_UIMainStoryboardFile = Main;
				INFOPLIST_KEY_UISupportedInterfaceOrientations_iPad = "UIInterfaceOrientationPortrait UIInterfaceOrientationPortraitUpsideDown UIInterfaceOrientationLandscapeLeft UIInterfaceOrientationLandscapeRight";
				INFOPLIST_KEY_UISupportedInterfaceOrientations_iPhone = "UIInterfaceOrientationPortrait UIInterfaceOrientationLandscapeLeft UIInterfaceOrientationLandscapeRight";
				LD_RUNPATH_SEARCH_PATHS = (
					"$(inherited)",
					"@executable_path/Frameworks",
				);
				MARKETING_VERSION = 1.0;
				PRODUCT_BUNDLE_IDENTIFIER = com.slashmobility.seleccion.carlos.gonzalez.SlashTechnicalTest;
				PRODUCT_NAME = "$(TARGET_NAME)";
				SWIFT_EMIT_LOC_STRINGS = YES;
				SWIFT_VERSION = 5.0;
				TARGETED_DEVICE_FAMILY = "1,2";
			};
			name = Debug;
		};
		53F6828A277E20C800C68DBA /* Release */ = {
			isa = XCBuildConfiguration;
			baseConfigurationReference = ABDEF4B01EF64AEA50A4CAE0 /* Pods-SlashTechnicalTest.release.xcconfig */;
			buildSettings = {
				ASSETCATALOG_COMPILER_APPICON_NAME = AppIcon;
				ASSETCATALOG_COMPILER_GLOBAL_ACCENT_COLOR_NAME = AccentColor;
				CODE_SIGN_STYLE = Automatic;
				CURRENT_PROJECT_VERSION = 1;
				DEVELOPMENT_TEAM = SQ29548UTC;
				GENERATE_INFOPLIST_FILE = YES;
				INFOPLIST_FILE = SlashTechnicalTest/Info.plist;
				INFOPLIST_KEY_UIApplicationSupportsIndirectInputEvents = YES;
				INFOPLIST_KEY_UILaunchStoryboardName = LaunchScreen;
				INFOPLIST_KEY_UIMainStoryboardFile = Main;
				INFOPLIST_KEY_UISupportedInterfaceOrientations_iPad = "UIInterfaceOrientationPortrait UIInterfaceOrientationPortraitUpsideDown UIInterfaceOrientationLandscapeLeft UIInterfaceOrientationLandscapeRight";
				INFOPLIST_KEY_UISupportedInterfaceOrientations_iPhone = "UIInterfaceOrientationPortrait UIInterfaceOrientationLandscapeLeft UIInterfaceOrientationLandscapeRight";
				LD_RUNPATH_SEARCH_PATHS = (
					"$(inherited)",
					"@executable_path/Frameworks",
				);
				MARKETING_VERSION = 1.0;
				PRODUCT_BUNDLE_IDENTIFIER = com.slashmobility.seleccion.carlos.gonzalez.SlashTechnicalTest;
				PRODUCT_NAME = "$(TARGET_NAME)";
				SWIFT_EMIT_LOC_STRINGS = YES;
				SWIFT_VERSION = 5.0;
				TARGETED_DEVICE_FAMILY = "1,2";
			};
			name = Release;
		};
/* End XCBuildConfiguration section */

/* Begin XCConfigurationList section */
		53F6826F277E20C600C68DBA /* Build configuration list for PBXProject "SlashTechnicalTest" */ = {
			isa = XCConfigurationList;
			buildConfigurations = (
				53F68286277E20C800C68DBA /* Debug */,
				53F68287277E20C800C68DBA /* Release */,
			);
			defaultConfigurationIsVisible = 0;
			defaultConfigurationName = Release;
		};
		53F68288277E20C800C68DBA /* Build configuration list for PBXNativeTarget "SlashTechnicalTest" */ = {
			isa = XCConfigurationList;
			buildConfigurations = (
				53F68289277E20C800C68DBA /* Debug */,
				53F6828A277E20C800C68DBA /* Release */,
			);
			defaultConfigurationIsVisible = 0;
			defaultConfigurationName = Release;
		};
/* End XCConfigurationList section */
	};
	rootObject = 53F6826C277E20C600C68DBA /* Project object */;
}
